{
  "name": "mysql-api",
  "version": "1.0.0",
  "lockfileVersion": 2,
  "requires": true,
  "packages": {
    "": {
      "name": "mysql-api",
      "version": "1.0.0",
      "license": "ISC",
      "dependencies": {
        "@hapi/hapi": "^21.0.0",
        "dotenv": "^16.0.3",
        "knex": "^2.3.0",
        "mysql2": "^2.3.3"
      }
    },
    "node_modules/@hapi/accept": {
      "version": "6.0.0",
      "resolved": "https://registry.npmjs.org/@hapi/accept/-/accept-6.0.0.tgz",
      "integrity": "sha512-aG/Ml4kSBWCVmWvR8N8ULRuB385D8K/3OI7lquZQruH11eM7sHR5Nha30BbDzijJHtyV7Vwc6MlMwNfwb70ISg==",
      "dependencies": {
        "@hapi/boom": "^10.0.0",
        "@hapi/hoek": "^10.0.0"
      }
    },
    "node_modules/@hapi/ammo": {
      "version": "6.0.0",
      "resolved": "https://registry.npmjs.org/@hapi/ammo/-/ammo-6.0.0.tgz",
      "integrity": "sha512-lhX7SYtWScQaeAIL5XnE54WzyDgS5RXVeEtFEovyZcTdVzTYbo0nem56Bwko1PBcRxRUIw1v2tMb6sjFs6vEwg==",
      "dependencies": {
        "@hapi/hoek": "^10.0.0"
      }
    },
    "node_modules/@hapi/b64": {
      "version": "6.0.0",
      "resolved": "https://registry.npmjs.org/@hapi/b64/-/b64-6.0.0.tgz",
      "integrity": "sha512-Es6o4BtzvMmNF28KJGuwUzUtMjF6ToZ1hQt3UOjaXc6TNkRefel+NyQSjc9b5q3Re7xwv23r0xK3Vo3yreaJHQ==",
      "dependencies": {
        "@hapi/hoek": "^10.0.0"
      }
    },
    "node_modules/@hapi/boom": {
      "version": "10.0.0",
      "resolved": "https://registry.npmjs.org/@hapi/boom/-/boom-10.0.0.tgz",
      "integrity": "sha512-1YVs9tLHhypBqqinKQRqh7FUERIolarQApO37OWkzD+z6y6USi871Sv746zBPKcIOBuI6g6y4FrwX87mmJ90Gg==",
      "dependencies": {
        "@hapi/hoek": "10.x.x"
      }
    },
    "node_modules/@hapi/bounce": {
      "version": "3.0.0",
      "resolved": "https://registry.npmjs.org/@hapi/bounce/-/bounce-3.0.0.tgz",
      "integrity": "sha512-L0G4NcwwOYRhpcXeL76hNrLTUcObqtZMB3z4kcRVUZcR/w3v6C5Q1cTElV4/V7og1fG+wOyDR55UMFA+tWfhtA==",
      "dependencies": {
        "@hapi/boom": "^10.0.0",
        "@hapi/hoek": "^10.0.0"
      }
    },
    "node_modules/@hapi/bourne": {
      "version": "3.0.0",
      "resolved": "https://registry.npmjs.org/@hapi/bourne/-/bourne-3.0.0.tgz",
      "integrity": "sha512-Waj1cwPXJDucOib4a3bAISsKJVb15MKi9IvmTI/7ssVEm6sywXGjVJDhl6/umt1pK1ZS7PacXU3A1PmFKHEZ2w=="
    },
    "node_modules/@hapi/call": {
      "version": "9.0.0",
      "resolved": "https://registry.npmjs.org/@hapi/call/-/call-9.0.0.tgz",
      "integrity": "sha512-Z6byqbEtKF3RIH2kWG6cX64RwEqHBWYEVkNoEx6oKvkPaTrC6WTPRgr+ANo9Xa8G1GXyvs/NCMTnn3Mdj12TSA==",
      "dependencies": {
        "@hapi/boom": "^10.0.0",
        "@hapi/hoek": "^10.0.0"
      }
    },
    "node_modules/@hapi/catbox": {
      "version": "12.1.0",
      "resolved": "https://registry.npmjs.org/@hapi/catbox/-/catbox-12.1.0.tgz",
      "integrity": "sha512-60MCN5lgaXcuRTjMZqLR+DV0clS5RAFAwfYAQU2/na6PqrXHDRQcJwVMwP7jJayCrJm4POJlLDzZLuh1ba5XUg==",
      "dependencies": {
        "@hapi/boom": "^10.0.0",
        "@hapi/hoek": "^10.0.0",
        "@hapi/podium": "^5.0.0",
        "@hapi/validate": "^2.0.0"
      }
    },
    "node_modules/@hapi/catbox-memory": {
      "version": "6.0.0",
      "resolved": "https://registry.npmjs.org/@hapi/catbox-memory/-/catbox-memory-6.0.0.tgz",
      "integrity": "sha512-A1O30g8GdaODx/GinytF6jFm772pdTPVWJe0cF2RiTOfhgIAAagzCcpBqRgQ8olLui0F5bzUF/SAi4BmkZ4yxA==",
      "dependencies": {
        "@hapi/boom": "^10.0.0",
        "@hapi/hoek": "^10.0.0"
      }
    },
    "node_modules/@hapi/content": {
      "version": "6.0.0",
      "resolved": "https://registry.npmjs.org/@hapi/content/-/content-6.0.0.tgz",
      "integrity": "sha512-CEhs7j+H0iQffKfe5Htdak5LBOz/Qc8TRh51cF+BFv0qnuph3Em4pjGVzJMkI2gfTDdlJKWJISGWS1rK34POGA==",
      "dependencies": {
        "@hapi/boom": "^10.0.0"
      }
    },
    "node_modules/@hapi/cryptiles": {
      "version": "6.0.0",
      "resolved": "https://registry.npmjs.org/@hapi/cryptiles/-/cryptiles-6.0.0.tgz",
      "integrity": "sha512-CUypQJI2F3HaKZjwlky3KyLu7p0O4WJXNJj+2AZ0czqwkwQIz8j+btOkzA3OMar8WTntnCrDx0f92PzxEK+JlA==",
      "dependencies": {
        "@hapi/boom": "^10.0.0"
      },
      "engines": {
        "node": ">=14.0.0"
      }
    },
    "node_modules/@hapi/file": {
      "version": "3.0.0",
      "resolved": "https://registry.npmjs.org/@hapi/file/-/file-3.0.0.tgz",
      "integrity": "sha512-w+lKW+yRrLhJu620jT3y+5g2mHqnKfepreykvdOcl9/6up8GrQQn+l3FRTsjHTKbkbfQFkuksHpdv2EcpKcJ4Q=="
    },
    "node_modules/@hapi/hapi": {
      "version": "21.0.0",
      "resolved": "https://registry.npmjs.org/@hapi/hapi/-/hapi-21.0.0.tgz",
      "integrity": "sha512-gqGifa4X4nskhsmsgp3AwBq4LPIl7XOlnzpdWSogdc46Z4Hfy/WDjCcaO2yK84tQRmGSlg0nZowOfSCyeT0hRw==",
      "dependencies": {
        "@hapi/accept": "^6.0.0",
        "@hapi/ammo": "^6.0.0",
        "@hapi/boom": "^10.0.0",
        "@hapi/bounce": "^3.0.0",
        "@hapi/call": "^9.0.0",
        "@hapi/catbox": "^12.0.0",
        "@hapi/catbox-memory": "^6.0.0",
        "@hapi/heavy": "^8.0.0",
        "@hapi/hoek": "^10.0.0",
        "@hapi/mimos": "^7.0.0",
        "@hapi/podium": "^5.0.0",
        "@hapi/shot": "^6.0.0",
        "@hapi/somever": "^4.1.0",
        "@hapi/statehood": "^8.0.0",
        "@hapi/subtext": "^8.0.0",
        "@hapi/teamwork": "^6.0.0",
        "@hapi/topo": "^6.0.0",
        "@hapi/validate": "^2.0.0"
      },
      "engines": {
        "node": ">=12.0.0"
      }
    },
    "node_modules/@hapi/heavy": {
      "version": "8.0.0",
      "resolved": "https://registry.npmjs.org/@hapi/heavy/-/heavy-8.0.0.tgz",
      "integrity": "sha512-NpKo74mF66GSwYu31IZwp11/6NmaUYxHeMTKSky09XBs8fVbzQDP83856+l+Ji6wxGmUeg75itCu1ujvEF6mdA==",
      "dependencies": {
        "@hapi/boom": "^10.0.0",
        "@hapi/hoek": "^10.0.0",
        "@hapi/validate": "^2.0.0"
      }
    },
    "node_modules/@hapi/hoek": {
      "version": "10.0.1",
      "resolved": "https://registry.npmjs.org/@hapi/hoek/-/hoek-10.0.1.tgz",
      "integrity": "sha512-CvlW7jmOhWzuqOqiJQ3rQVLMcREh0eel4IBnxDx2FAcK8g7qoJRQK4L1CPBASoCY6y8e6zuCy3f2g+HWdkzcMw=="
    },
    "node_modules/@hapi/iron": {
      "version": "7.0.0",
      "resolved": "https://registry.npmjs.org/@hapi/iron/-/iron-7.0.0.tgz",
      "integrity": "sha512-NNXJP5fpeiTCPj/4OJG2PWBjWC0/V5D8YggS9RZeuBbfUUuTYE6TbdGqLUsCzIpPI54I8W5dhwEGbRv1CnWQtw==",
      "dependencies": {
        "@hapi/b64": "^6.0.0",
        "@hapi/boom": "^10.0.0",
        "@hapi/bourne": "^3.0.0",
        "@hapi/cryptiles": "^6.0.0",
        "@hapi/hoek": "^10.0.0"
      }
    },
    "node_modules/@hapi/mimos": {
      "version": "7.0.0",
      "resolved": "https://registry.npmjs.org/@hapi/mimos/-/mimos-7.0.0.tgz",
      "integrity": "sha512-ALORTrZrrBPOUX05rW4htNajoekEjQtUi1PB+17/3xs/hkdQ+gSEFbs5GdJihA49qWf7td3v4PgnvOe8mcf/jQ==",
      "dependencies": {
        "@hapi/hoek": "^10.0.0",
        "mime-db": "^1.52.0"
      }
    },
    "node_modules/@hapi/nigel": {
      "version": "5.0.0",
      "resolved": "https://registry.npmjs.org/@hapi/nigel/-/nigel-5.0.0.tgz",
      "integrity": "sha512-I9eq43BnSdz1BkvMpG7mFL7J+SIfn6DLNThuxFpIOAMUnkWbPgtcFP+HHrBAeoFkowfgQrr02vsIAkAPml4hvw==",
      "dependencies": {
        "@hapi/hoek": "^10.0.0",
        "@hapi/vise": "^5.0.0"
      },
      "engines": {
        "node": ">=14.0.0"
      }
    },
    "node_modules/@hapi/pez": {
      "version": "6.0.0",
      "resolved": "https://registry.npmjs.org/@hapi/pez/-/pez-6.0.0.tgz",
      "integrity": "sha512-3bMmsvlqrVNqaNEe4JWLZVpJ40jXuQ3vDy1+fbhyJmuAdMCMCkWexsKc7fT+mu18pFIwJzlenjc4/VE3weTq7w==",
      "dependencies": {
        "@hapi/b64": "^6.0.0",
        "@hapi/boom": "^10.0.0",
        "@hapi/content": "^6.0.0",
        "@hapi/hoek": "^10.0.0",
        "@hapi/nigel": "^5.0.0"
      }
    },
    "node_modules/@hapi/podium": {
      "version": "5.0.0",
      "resolved": "https://registry.npmjs.org/@hapi/podium/-/podium-5.0.0.tgz",
      "integrity": "sha512-SbhFdu8LOIscMS82Zsoj9abcllAqbK4qBgznzJ9yr+vS2j1EomJTukkhxb76Lml0BHCd4Hn79F+3EQg06kcf8g==",
      "dependencies": {
        "@hapi/hoek": "^10.0.0",
        "@hapi/teamwork": "^6.0.0",
        "@hapi/validate": "^2.0.0"
      }
    },
    "node_modules/@hapi/shot": {
      "version": "6.0.0",
      "resolved": "https://registry.npmjs.org/@hapi/shot/-/shot-6.0.0.tgz",
      "integrity": "sha512-RLGgzXy9GciJDunhY40NbVnLgYqp5gfBooZ2fOkAr4KbCEav/SJtYQS1N+knR7WFGzy8aooCR3XBUPI4ghHAkQ==",
      "dependencies": {
        "@hapi/hoek": "^10.0.0",
        "@hapi/validate": "^2.0.0"
      }
    },
    "node_modules/@hapi/somever": {
      "version": "4.1.0",
      "resolved": "https://registry.npmjs.org/@hapi/somever/-/somever-4.1.0.tgz",
      "integrity": "sha512-koNBYu7Jdcb7gaC4VcnU78rFxSlsYwuElm6NMznE0EEeznzJtvLLmDZX0SPX8kXWC/E7ONlE29HF/yiSOgWG1Q==",
      "dependencies": {
        "@hapi/bounce": "^3.0.0",
        "@hapi/hoek": "^9.0.0"
      }
    },
    "node_modules/@hapi/somever/node_modules/@hapi/hoek": {
      "version": "9.3.0",
      "resolved": "https://registry.npmjs.org/@hapi/hoek/-/hoek-9.3.0.tgz",
      "integrity": "sha512-/c6rf4UJlmHlC9b5BaNvzAcFv7HZ2QHaV0D4/HNlBdvFnvQq8RI4kYdhyPCl7Xj+oWvTWQ8ujhqS53LIgAe6KQ=="
    },
    "node_modules/@hapi/statehood": {
      "version": "8.0.0",
      "resolved": "https://registry.npmjs.org/@hapi/statehood/-/statehood-8.0.0.tgz",
      "integrity": "sha512-umQTPID7BwmqAv9Rx7yLtbTNzsYg4va96aLqKneb3mlBQG32uq4iOQZ6luwBVACDFhqU3C3ewhznhukN09ZkZQ==",
      "dependencies": {
        "@hapi/boom": "^10.0.0",
        "@hapi/bounce": "^3.0.0",
        "@hapi/bourne": "^3.0.0",
        "@hapi/cryptiles": "^6.0.0",
        "@hapi/hoek": "^10.0.0",
        "@hapi/iron": "^7.0.0",
        "@hapi/validate": "^2.0.0"
      }
    },
    "node_modules/@hapi/subtext": {
      "version": "8.0.0",
      "resolved": "https://registry.npmjs.org/@hapi/subtext/-/subtext-8.0.0.tgz",
      "integrity": "sha512-fD+LY1U1SIUNHZJrNMIbuGl3CAd9JN8slljarFO4b8RrifkzjqbvdlZu/6iT6zlNM35GtDExf7hIepbUFUkT7A==",
      "dependencies": {
        "@hapi/boom": "^10.0.0",
        "@hapi/bourne": "^3.0.0",
        "@hapi/content": "^6.0.0",
        "@hapi/file": "^3.0.0",
        "@hapi/hoek": "^10.0.0",
        "@hapi/pez": "^6.0.0",
        "@hapi/wreck": "^18.0.0"
      }
    },
    "node_modules/@hapi/teamwork": {
      "version": "6.0.0",
      "resolved": "https://registry.npmjs.org/@hapi/teamwork/-/teamwork-6.0.0.tgz",
      "integrity": "sha512-05HumSy3LWfXpmJ9cr6HzwhAavrHkJ1ZRCmNE2qJMihdM5YcWreWPfyN0yKT2ZjCM92au3ZkuodjBxOibxM67A==",
      "engines": {
        "node": ">=14.0.0"
      }
    },
    "node_modules/@hapi/topo": {
      "version": "6.0.0",
      "resolved": "https://registry.npmjs.org/@hapi/topo/-/topo-6.0.0.tgz",
      "integrity": "sha512-aorJvN1Q1n5xrZuA50Z4X6adI6VAM2NalIVm46ALL9LUvdoqhof3JPY69jdJH8asM3PsWr2SUVYzp57EqUP41A==",
      "dependencies": {
        "@hapi/hoek": "^10.0.0"
      }
    },
    "node_modules/@hapi/validate": {
      "version": "2.0.0",
      "resolved": "https://registry.npmjs.org/@hapi/validate/-/validate-2.0.0.tgz",
      "integrity": "sha512-w5m8MvBgqGndbMIB+AWmXTb8CLtF1DlIxbnbAHNAo7aFuNQuI1Ywc2e0zDLK5fbFXDoqRzNrHnC7JjNJ+hDigw==",
      "dependencies": {
        "@hapi/hoek": "^10.0.0",
        "@hapi/topo": "^6.0.0"
      }
    },
    "node_modules/@hapi/vise": {
      "version": "5.0.0",
      "resolved": "https://registry.npmjs.org/@hapi/vise/-/vise-5.0.0.tgz",
      "integrity": "sha512-bz/PA7DHIvsd/2eoW7t9WpU8+k9pofZHppYEn1mCTOVnC/cGN3hCEYaoAe6BpoeJM72iJDKZEOWvQvfgCrmzxA==",
      "dependencies": {
        "@hapi/hoek": "^10.0.0"
      }
    },
    "node_modules/@hapi/wreck": {
      "version": "18.0.0",
      "resolved": "https://registry.npmjs.org/@hapi/wreck/-/wreck-18.0.0.tgz",
      "integrity": "sha512-Yk9STxoM06Hjjq58cH0KFG91u9F2h9eVE72o8vUr3AfK80qt7I2POG5+cDGTEntbnvvzm0ERow2sjG3QsqCWUA==",
      "dependencies": {
        "@hapi/boom": "^10.0.0",
        "@hapi/bourne": "^3.0.0",
        "@hapi/hoek": "^10.0.0"
      }
    },
    "node_modules/colorette": {
      "version": "2.0.19",
      "resolved": "https://registry.npmjs.org/colorette/-/colorette-2.0.19.tgz",
      "integrity": "sha512-3tlv/dIP7FWvj3BsbHrGLJ6l/oKh1O3TcgBqMn+yyCagOxc23fyzDS6HypQbgxWbkpDnf52p1LuR4eWDQ/K9WQ=="
    },
    "node_modules/commander": {
      "version": "9.4.1",
      "resolved": "https://registry.npmjs.org/commander/-/commander-9.4.1.tgz",
      "integrity": "sha512-5EEkTNyHNGFPD2H+c/dXXfQZYa/scCKasxWcXJaWnNJ99pnQN9Vnmqow+p+PlFPE63Q6mThaZws1T+HxfpgtPw==",
      "engines": {
        "node": "^12.20.0 || >=14"
      }
    },
    "node_modules/debug": {
      "version": "4.3.4",
      "resolved": "https://registry.npmjs.org/debug/-/debug-4.3.4.tgz",
      "integrity": "sha512-PRWFHuSU3eDtQJPvnNY7Jcket1j0t5OuOsFzPPzsekD52Zl8qUfFIPEiswXqIvHWGVHOgX+7G/vCNNhehwxfkQ==",
      "dependencies": {
        "ms": "2.1.2"
      },
      "engines": {
        "node": ">=6.0"
      },
      "peerDependenciesMeta": {
        "supports-color": {
          "optional": true
        }
      }
    },
    "node_modules/denque": {
      "version": "2.1.0",
      "resolved": "https://registry.npmjs.org/denque/-/denque-2.1.0.tgz",
      "integrity": "sha512-HVQE3AAb/pxF8fQAoiqpvg9i3evqug3hoiwakOyZAwJm+6vZehbkYXZ0l4JxS+I3QxM97v5aaRNhj8v5oBhekw==",
      "engines": {
        "node": ">=0.10"
      }
    },
    "node_modules/dotenv": {
      "version": "16.0.3",
      "resolved": "https://registry.npmjs.org/dotenv/-/dotenv-16.0.3.tgz",
      "integrity": "sha512-7GO6HghkA5fYG9TYnNxi14/7K9f5occMlp3zXAuSxn7CKCxt9xbNWG7yF8hTCSUchlfWSe3uLmlPfigevRItzQ==",
      "engines": {
        "node": ">=12"
      }
    },
    "node_modules/escalade": {
      "version": "3.1.1",
      "resolved": "https://registry.npmjs.org/escalade/-/escalade-3.1.1.tgz",
      "integrity": "sha512-k0er2gUkLf8O0zKJiAhmkTnJlTvINGv7ygDNPbeIsX/TJjGJZHuh9B2UxbsaEkmlEo9MfhrSzmhIlhRlI2GXnw==",
      "engines": {
        "node": ">=6"
      }
    },
    "node_modules/esm": {
      "version": "3.2.25",
      "resolved": "https://registry.npmjs.org/esm/-/esm-3.2.25.tgz",
      "integrity": "sha512-U1suiZ2oDVWv4zPO56S0NcR5QriEahGtdN2OR6FiOG4WJvcjBVFB0qI4+eKoWFH483PKGuLuu6V8Z4T5g63UVA==",
      "engines": {
        "node": ">=6"
      }
    },
    "node_modules/function-bind": {
      "version": "1.1.1",
      "resolved": "https://registry.npmjs.org/function-bind/-/function-bind-1.1.1.tgz",
      "integrity": "sha512-yIovAzMX49sF8Yl58fSCWJ5svSLuaibPxXQJFLmBObTuCr0Mf1KiPopGM9NiFjiYBCbfaa2Fh6breQ6ANVTI0A=="
    },
    "node_modules/generate-function": {
      "version": "2.3.1",
      "resolved": "https://registry.npmjs.org/generate-function/-/generate-function-2.3.1.tgz",
      "integrity": "sha512-eeB5GfMNeevm/GRYq20ShmsaGcmI81kIX2K9XQx5miC8KdHaC6Jm0qQ8ZNeGOi7wYB8OsdxKs+Y2oVuTFuVwKQ==",
      "dependencies": {
        "is-property": "^1.0.2"
      }
    },
    "node_modules/get-package-type": {
      "version": "0.1.0",
      "resolved": "https://registry.npmjs.org/get-package-type/-/get-package-type-0.1.0.tgz",
      "integrity": "sha512-pjzuKtY64GYfWizNAJ0fr9VqttZkNiK2iS430LtIHzjBEr6bX8Am2zm4sW4Ro5wjWW5cAlRL1qAMTcXbjNAO2Q==",
      "engines": {
        "node": ">=8.0.0"
      }
    },
    "node_modules/getopts": {
      "version": "2.3.0",
      "resolved": "https://registry.npmjs.org/getopts/-/getopts-2.3.0.tgz",
      "integrity": "sha512-5eDf9fuSXwxBL6q5HX+dhDj+dslFGWzU5thZ9kNKUkcPtaPdatmUFKwHFrLb/uf/WpA4BHET+AX3Scl56cAjpA=="
    },
    "node_modules/has": {
      "version": "1.0.3",
      "resolved": "https://registry.npmjs.org/has/-/has-1.0.3.tgz",
      "integrity": "sha512-f2dvO0VU6Oej7RkWJGrehjbzMAjFp5/VKPp5tTpWIV4JHHZK1/BxbFRtf/siA2SWTe09caDmVtYYzWEIbBS4zw==",
      "dependencies": {
        "function-bind": "^1.1.1"
      },
      "engines": {
        "node": ">= 0.4.0"
      }
    },
    "node_modules/iconv-lite": {
      "version": "0.6.3",
      "resolved": "https://registry.npmjs.org/iconv-lite/-/iconv-lite-0.6.3.tgz",
      "integrity": "sha512-4fCk79wshMdzMp2rH06qWrJE4iolqLhCUH+OiuIgU++RB0+94NlDL81atO7GX55uUKueo0txHNtvEyI6D7WdMw==",
      "dependencies": {
        "safer-buffer": ">= 2.1.2 < 3.0.0"
      },
      "engines": {
        "node": ">=0.10.0"
      }
    },
    "node_modules/interpret": {
      "version": "2.2.0",
      "resolved": "https://registry.npmjs.org/interpret/-/interpret-2.2.0.tgz",
      "integrity": "sha512-Ju0Bz/cEia55xDwUWEa8+olFpCiQoypjnQySseKtmjNrnps3P+xfpUmGr90T7yjlVJmOtybRvPXhKMbHr+fWnw==",
      "engines": {
        "node": ">= 0.10"
      }
    },
    "node_modules/is-core-module": {
      "version": "2.11.0",
      "resolved": "https://registry.npmjs.org/is-core-module/-/is-core-module-2.11.0.tgz",
      "integrity": "sha512-RRjxlvLDkD1YJwDbroBHMb+cukurkDWNyHx7D3oNB5x9rb5ogcksMC5wHCadcXoo67gVr/+3GFySh3134zi6rw==",
      "dependencies": {
        "has": "^1.0.3"
      },
      "funding": {
        "url": "https://github.com/sponsors/ljharb"
      }
    },
    "node_modules/is-property": {
      "version": "1.0.2",
      "resolved": "https://registry.npmjs.org/is-property/-/is-property-1.0.2.tgz",
      "integrity": "sha512-Ks/IoX00TtClbGQr4TWXemAnktAQvYB7HzcCxDGqEZU6oCmb2INHuOoKxbtR+HFkmYWBKv/dOZtGRiAjDhj92g=="
    },
    "node_modules/knex": {
      "version": "2.3.0",
      "resolved": "https://registry.npmjs.org/knex/-/knex-2.3.0.tgz",
      "integrity": "sha512-WMizPaq9wRMkfnwKXKXgBZeZFOSHGdtoSz5SaLAVNs3WRDfawt9O89T4XyH52PETxjV8/kRk0Yf+8WBEP/zbYw==",
      "dependencies": {
        "colorette": "2.0.19",
        "commander": "^9.1.0",
        "debug": "4.3.4",
        "escalade": "^3.1.1",
        "esm": "^3.2.25",
        "get-package-type": "^0.1.0",
        "getopts": "2.3.0",
        "interpret": "^2.2.0",
        "lodash": "^4.17.21",
        "pg-connection-string": "2.5.0",
        "rechoir": "^0.8.0",
        "resolve-from": "^5.0.0",
        "tarn": "^3.0.2",
        "tildify": "2.0.0"
      },
      "bin": {
        "knex": "bin/cli.js"
      },
      "engines": {
        "node": ">=12"
      },
      "peerDependenciesMeta": {
        "better-sqlite3": {
          "optional": true
        },
        "mysql": {
          "optional": true
        },
        "mysql2": {
          "optional": true
        },
        "pg": {
          "optional": true
        },
        "pg-native": {
          "optional": true
        },
        "sqlite3": {
          "optional": true
        },
        "tedious": {
          "optional": true
        }
      }
    },
    "node_modules/lodash": {
      "version": "4.17.21",
      "resolved": "https://registry.npmjs.org/lodash/-/lodash-4.17.21.tgz",
      "integrity": "sha512-v2kDEe57lecTulaDIuNTPy3Ry4gLGJ6Z1O3vE1krgXZNrsQ+LFTGHVxVjcXPs17LhbZVGedAJv8XZ1tvj5FvSg=="
    },
    "node_modules/long": {
      "version": "4.0.0",
      "resolved": "https://registry.npmjs.org/long/-/long-4.0.0.tgz",
      "integrity": "sha512-XsP+KhQif4bjX1kbuSiySJFNAehNxgLb6hPRGJ9QsUr8ajHkuXGdrHmFUTUUXhDwVX2R5bY4JNZEwbUiMhV+MA=="
    },
    "node_modules/lru-cache": {
      "version": "6.0.0",
      "resolved": "https://registry.npmjs.org/lru-cache/-/lru-cache-6.0.0.tgz",
      "integrity": "sha512-Jo6dJ04CmSjuznwJSS3pUeWmd/H0ffTlkXXgwZi+eq1UCmqQwCh+eLsYOYCwY991i2Fah4h1BEMCx4qThGbsiA==",
      "dependencies": {
        "yallist": "^4.0.0"
      },
      "engines": {
        "node": ">=10"
      }
    },
    "node_modules/mime-db": {
      "version": "1.52.0",
      "resolved": "https://registry.npmjs.org/mime-db/-/mime-db-1.52.0.tgz",
      "integrity": "sha512-sPU4uV7dYlvtWJxwwxHD0PuihVNiE7TyAbQ5SWxDCB9mUYvOgroQOwYQQOKPJ8CIbE+1ETVlOoK1UC2nU3gYvg==",
      "engines": {
        "node": ">= 0.6"
      }
    },
    "node_modules/ms": {
      "version": "2.1.2",
      "resolved": "https://registry.npmjs.org/ms/-/ms-2.1.2.tgz",
      "integrity": "sha512-sGkPx+VjMtmA6MX27oA4FBFELFCZZ4S4XqeGOXCv68tT+jb3vk/RyaKWP0PTKyWtmLSM0b+adUTEvbs1PEaH2w=="
    },
    "node_modules/mysql2": {
      "version": "2.3.3",
      "resolved": "https://registry.npmjs.org/mysql2/-/mysql2-2.3.3.tgz",
      "integrity": "sha512-wxJUev6LgMSgACDkb/InIFxDprRa6T95+VEoR+xPvtngtccNH2dGjEB/fVZ8yg1gWv1510c9CvXuJHi5zUm0ZA==",
      "dependencies": {
        "denque": "^2.0.1",
        "generate-function": "^2.3.1",
        "iconv-lite": "^0.6.3",
        "long": "^4.0.0",
        "lru-cache": "^6.0.0",
        "named-placeholders": "^1.1.2",
        "seq-queue": "^0.0.5",
        "sqlstring": "^2.3.2"
      },
      "engines": {
        "node": ">= 8.0"
      }
    },
    "node_modules/named-placeholders": {
      "version": "1.1.2",
      "resolved": "https://registry.npmjs.org/named-placeholders/-/named-placeholders-1.1.2.tgz",
      "integrity": "sha512-wiFWqxoLL3PGVReSZpjLVxyJ1bRqe+KKJVbr4hGs1KWfTZTQyezHFBbuKj9hsizHyGV2ne7EMjHdxEGAybD5SA==",
      "dependencies": {
        "lru-cache": "^4.1.3"
      },
      "engines": {
        "node": ">=6.0.0"
      }
    },
    "node_modules/named-placeholders/node_modules/lru-cache": {
      "version": "4.1.5",
      "resolved": "https://registry.npmjs.org/lru-cache/-/lru-cache-4.1.5.tgz",
      "integrity": "sha512-sWZlbEP2OsHNkXrMl5GYk/jKk70MBng6UU4YI/qGDYbgf6YbP4EvmqISbXCoJiRKs+1bSpFHVgQxvJ17F2li5g==",
      "dependencies": {
        "pseudomap": "^1.0.2",
        "yallist": "^2.1.2"
      }
    },
    "node_modules/named-placeholders/node_modules/yallist": {
      "version": "2.1.2",
      "resolved": "https://registry.npmjs.org/yallist/-/yallist-2.1.2.tgz",
      "integrity": "sha512-ncTzHV7NvsQZkYe1DW7cbDLm0YpzHmZF5r/iyP3ZnQtMiJ+pjzisCiMNI+Sj+xQF5pXhSHxSB3uDbsBTzY/c2A=="
    },
    "node_modules/path-parse": {
      "version": "1.0.7",
      "resolved": "https://registry.npmjs.org/path-parse/-/path-parse-1.0.7.tgz",
      "integrity": "sha512-LDJzPVEEEPR+y48z93A0Ed0yXb8pAByGWo/k5YYdYgpY2/2EsOsksJrq7lOHxryrVOn1ejG6oAp8ahvOIQD8sw=="
    },
    "node_modules/pg-connection-string": {
      "version": "2.5.0",
      "resolved": "https://registry.npmjs.org/pg-connection-string/-/pg-connection-string-2.5.0.tgz",
      "integrity": "sha512-r5o/V/ORTA6TmUnyWZR9nCj1klXCO2CEKNRlVuJptZe85QuhFayC7WeMic7ndayT5IRIR0S0xFxFi2ousartlQ=="
    },
    "node_modules/pseudomap": {
      "version": "1.0.2",
      "resolved": "https://registry.npmjs.org/pseudomap/-/pseudomap-1.0.2.tgz",
      "integrity": "sha512-b/YwNhb8lk1Zz2+bXXpS/LK9OisiZZ1SNsSLxN1x2OXVEhW2Ckr/7mWE5vrC1ZTiJlD9g19jWszTmJsB+oEpFQ=="
    },
    "node_modules/rechoir": {
      "version": "0.8.0",
      "resolved": "https://registry.npmjs.org/rechoir/-/rechoir-0.8.0.tgz",
      "integrity": "sha512-/vxpCXddiX8NGfGO/mTafwjq4aFa/71pvamip0++IQk3zG8cbCj0fifNPrjjF1XMXUne91jL9OoxmdykoEtifQ==",
      "dependencies": {
        "resolve": "^1.20.0"
      },
      "engines": {
        "node": ">= 10.13.0"
      }
    },
    "node_modules/resolve": {
      "version": "1.22.1",
      "resolved": "https://registry.npmjs.org/resolve/-/resolve-1.22.1.tgz",
      "integrity": "sha512-nBpuuYuY5jFsli/JIs1oldw6fOQCBioohqWZg/2hiaOybXOft4lonv85uDOKXdf8rhyK159cxU5cDcK/NKk8zw==",
      "dependencies": {
        "is-core-module": "^2.9.0",
        "path-parse": "^1.0.7",
        "supports-preserve-symlinks-flag": "^1.0.0"
      },
      "bin": {
        "resolve": "bin/resolve"
      },
      "funding": {
        "url": "https://github.com/sponsors/ljharb"
      }
    },
    "node_modules/resolve-from": {
      "version": "5.0.0",
      "resolved": "https://registry.npmjs.org/resolve-from/-/resolve-from-5.0.0.tgz",
      "integrity": "sha512-qYg9KP24dD5qka9J47d0aVky0N+b4fTU89LN9iDnjB5waksiC49rvMB0PrUJQGoTmH50XPiqOvAjDfaijGxYZw==",
      "engines": {
        "node": ">=8"
      }
    },
    "node_modules/safer-buffer": {
      "version": "2.1.2",
      "resolved": "https://registry.npmjs.org/safer-buffer/-/safer-buffer-2.1.2.tgz",
      "integrity": "sha512-YZo3K82SD7Riyi0E1EQPojLz7kpepnSQI9IyPbHHg1XXXevb5dJI7tpyN2ADxGcQbHG7vcyRHk0cbwqcQriUtg=="
    },
    "node_modules/seq-queue": {
      "version": "0.0.5",
      "resolved": "https://registry.npmjs.org/seq-queue/-/seq-queue-0.0.5.tgz",
      "integrity": "sha512-hr3Wtp/GZIc/6DAGPDcV4/9WoZhjrkXsi5B/07QgX8tsdc6ilr7BFM6PM6rbdAX1kFSDYeZGLipIZZKyQP0O5Q=="
    },
    "node_modules/sqlstring": {
      "version": "2.3.3",
      "resolved": "https://registry.npmjs.org/sqlstring/-/sqlstring-2.3.3.tgz",
      "integrity": "sha512-qC9iz2FlN7DQl3+wjwn3802RTyjCx7sDvfQEXchwa6CWOx07/WVfh91gBmQ9fahw8snwGEWU3xGzOt4tFyHLxg==",
      "engines": {
        "node": ">= 0.6"
      }
    },
    "node_modules/supports-preserve-symlinks-flag": {
      "version": "1.0.0",
      "resolved": "https://registry.npmjs.org/supports-preserve-symlinks-flag/-/supports-preserve-symlinks-flag-1.0.0.tgz",
      "integrity": "sha512-ot0WnXS9fgdkgIcePe6RHNk1WA8+muPa6cSjeR3V8K27q9BB1rTE3R1p7Hv0z1ZyAc8s6Vvv8DIyWf681MAt0w==",
      "engines": {
        "node": ">= 0.4"
      },
      "funding": {
        "url": "https://github.com/sponsors/ljharb"
      }
    },
    "node_modules/tarn": {
      "version": "3.0.2",
      "resolved": "https://registry.npmjs.org/tarn/-/tarn-3.0.2.tgz",
      "integrity": "sha512-51LAVKUSZSVfI05vjPESNc5vwqqZpbXCsU+/+wxlOrUjk2SnFTt97v9ZgQrD4YmxYW1Px6w2KjaDitCfkvgxMQ==",
      "engines": {
        "node": ">=8.0.0"
      }
    },
    "node_modules/tildify": {
      "version": "2.0.0",
      "resolved": "https://registry.npmjs.org/tildify/-/tildify-2.0.0.tgz",
      "integrity": "sha512-Cc+OraorugtXNfs50hU9KS369rFXCfgGLpfCfvlc+Ud5u6VWmUQsOAa9HbTvheQdYnrdJqqv1e5oIqXppMYnSw==",
      "engines": {
        "node": ">=8"
      }
    },
    "node_modules/yallist": {
      "version": "4.0.0",
      "resolved": "https://registry.npmjs.org/yallist/-/yallist-4.0.0.tgz",
      "integrity": "sha512-3wdGidZyq5PB084XLES5TpOSRA3wjXAlIWMhum2kRcv/41Sn2emQ0dycQW4uZXLejwKvg6EsvbdlVL+FYEct7A=="
    }
  },
  "dependencies": {
    "@hapi/accept": {
      "version": "6.0.0",
      "resolved": "https://registry.npmjs.org/@hapi/accept/-/accept-6.0.0.tgz",
      "integrity": "sha512-aG/Ml4kSBWCVmWvR8N8ULRuB385D8K/3OI7lquZQruH11eM7sHR5Nha30BbDzijJHtyV7Vwc6MlMwNfwb70ISg==",
      "requires": {
        "@hapi/boom": "^10.0.0",
        "@hapi/hoek": "^10.0.0"
      }
    },
    "@hapi/ammo": {
      "version": "6.0.0",
      "resolved": "https://registry.npmjs.org/@hapi/ammo/-/ammo-6.0.0.tgz",
      "integrity": "sha512-lhX7SYtWScQaeAIL5XnE54WzyDgS5RXVeEtFEovyZcTdVzTYbo0nem56Bwko1PBcRxRUIw1v2tMb6sjFs6vEwg==",
      "requires": {
        "@hapi/hoek": "^10.0.0"
      }
    },
    "@hapi/b64": {
      "version": "6.0.0",
      "resolved": "https://registry.npmjs.org/@hapi/b64/-/b64-6.0.0.tgz",
      "integrity": "sha512-Es6o4BtzvMmNF28KJGuwUzUtMjF6ToZ1hQt3UOjaXc6TNkRefel+NyQSjc9b5q3Re7xwv23r0xK3Vo3yreaJHQ==",
      "requires": {
        "@hapi/hoek": "^10.0.0"
      }
    },
    "@hapi/boom": {
      "version": "10.0.0",
      "resolved": "https://registry.npmjs.org/@hapi/boom/-/boom-10.0.0.tgz",
      "integrity": "sha512-1YVs9tLHhypBqqinKQRqh7FUERIolarQApO37OWkzD+z6y6USi871Sv746zBPKcIOBuI6g6y4FrwX87mmJ90Gg==",
      "requires": {
        "@hapi/hoek": "10.x.x"
      }
    },
    "@hapi/bounce": {
      "version": "3.0.0",
      "resolved": "https://registry.npmjs.org/@hapi/bounce/-/bounce-3.0.0.tgz",
      "integrity": "sha512-L0G4NcwwOYRhpcXeL76hNrLTUcObqtZMB3z4kcRVUZcR/w3v6C5Q1cTElV4/V7og1fG+wOyDR55UMFA+tWfhtA==",
      "requires": {
        "@hapi/boom": "^10.0.0",
        "@hapi/hoek": "^10.0.0"
      }
    },
    "@hapi/bourne": {
      "version": "3.0.0",
      "resolved": "https://registry.npmjs.org/@hapi/bourne/-/bourne-3.0.0.tgz",
      "integrity": "sha512-Waj1cwPXJDucOib4a3bAISsKJVb15MKi9IvmTI/7ssVEm6sywXGjVJDhl6/umt1pK1ZS7PacXU3A1PmFKHEZ2w=="
    },
    "@hapi/call": {
      "version": "9.0.0",
      "resolved": "https://registry.npmjs.org/@hapi/call/-/call-9.0.0.tgz",
      "integrity": "sha512-Z6byqbEtKF3RIH2kWG6cX64RwEqHBWYEVkNoEx6oKvkPaTrC6WTPRgr+ANo9Xa8G1GXyvs/NCMTnn3Mdj12TSA==",
      "requires": {
        "@hapi/boom": "^10.0.0",
        "@hapi/hoek": "^10.0.0"
      }
    },
    "@hapi/catbox": {
      "version": "12.1.0",
      "resolved": "https://registry.npmjs.org/@hapi/catbox/-/catbox-12.1.0.tgz",
      "integrity": "sha512-60MCN5lgaXcuRTjMZqLR+DV0clS5RAFAwfYAQU2/na6PqrXHDRQcJwVMwP7jJayCrJm4POJlLDzZLuh1ba5XUg==",
      "requires": {
        "@hapi/boom": "^10.0.0",
        "@hapi/hoek": "^10.0.0",
        "@hapi/podium": "^5.0.0",
        "@hapi/validate": "^2.0.0"
      }
    },
    "@hapi/catbox-memory": {
      "version": "6.0.0",
      "resolved": "https://registry.npmjs.org/@hapi/catbox-memory/-/catbox-memory-6.0.0.tgz",
      "integrity": "sha512-A1O30g8GdaODx/GinytF6jFm772pdTPVWJe0cF2RiTOfhgIAAagzCcpBqRgQ8olLui0F5bzUF/SAi4BmkZ4yxA==",
      "requires": {
        "@hapi/boom": "^10.0.0",
        "@hapi/hoek": "^10.0.0"
      }
    },
    "@hapi/content": {
      "version": "6.0.0",
      "resolved": "https://registry.npmjs.org/@hapi/content/-/content-6.0.0.tgz",
      "integrity": "sha512-CEhs7j+H0iQffKfe5Htdak5LBOz/Qc8TRh51cF+BFv0qnuph3Em4pjGVzJMkI2gfTDdlJKWJISGWS1rK34POGA==",
      "requires": {
        "@hapi/boom": "^10.0.0"
      }
    },
    "@hapi/cryptiles": {
      "version": "6.0.0",
      "resolved": "https://registry.npmjs.org/@hapi/cryptiles/-/cryptiles-6.0.0.tgz",
      "integrity": "sha512-CUypQJI2F3HaKZjwlky3KyLu7p0O4WJXNJj+2AZ0czqwkwQIz8j+btOkzA3OMar8WTntnCrDx0f92PzxEK+JlA==",
      "requires": {
        "@hapi/boom": "^10.0.0"
      }
    },
    "@hapi/file": {
      "version": "3.0.0",
      "resolved": "https://registry.npmjs.org/@hapi/file/-/file-3.0.0.tgz",
      "integrity": "sha512-w+lKW+yRrLhJu620jT3y+5g2mHqnKfepreykvdOcl9/6up8GrQQn+l3FRTsjHTKbkbfQFkuksHpdv2EcpKcJ4Q=="
    },
    "@hapi/hapi": {
      "version": "21.0.0",
      "resolved": "https://registry.npmjs.org/@hapi/hapi/-/hapi-21.0.0.tgz",
      "integrity": "sha512-gqGifa4X4nskhsmsgp3AwBq4LPIl7XOlnzpdWSogdc46Z4Hfy/WDjCcaO2yK84tQRmGSlg0nZowOfSCyeT0hRw==",
      "requires": {
        "@hapi/accept": "^6.0.0",
        "@hapi/ammo": "^6.0.0",
        "@hapi/boom": "^10.0.0",
        "@hapi/bounce": "^3.0.0",
        "@hapi/call": "^9.0.0",
        "@hapi/catbox": "^12.0.0",
        "@hapi/catbox-memory": "^6.0.0",
        "@hapi/heavy": "^8.0.0",
        "@hapi/hoek": "^10.0.0",
        "@hapi/mimos": "^7.0.0",
        "@hapi/podium": "^5.0.0",
        "@hapi/shot": "^6.0.0",
        "@hapi/somever": "^4.1.0",
        "@hapi/statehood": "^8.0.0",
        "@hapi/subtext": "^8.0.0",
        "@hapi/teamwork": "^6.0.0",
        "@hapi/topo": "^6.0.0",
        "@hapi/validate": "^2.0.0"
      }
    },
    "@hapi/heavy": {
      "version": "8.0.0",
      "resolved": "https://registry.npmjs.org/@hapi/heavy/-/heavy-8.0.0.tgz",
      "integrity": "sha512-NpKo74mF66GSwYu31IZwp11/6NmaUYxHeMTKSky09XBs8fVbzQDP83856+l+Ji6wxGmUeg75itCu1ujvEF6mdA==",
      "requires": {
        "@hapi/boom": "^10.0.0",
        "@hapi/hoek": "^10.0.0",
        "@hapi/validate": "^2.0.0"
      }
    },
    "@hapi/hoek": {
      "version": "10.0.1",
      "resolved": "https://registry.npmjs.org/@hapi/hoek/-/hoek-10.0.1.tgz",
      "integrity": "sha512-CvlW7jmOhWzuqOqiJQ3rQVLMcREh0eel4IBnxDx2FAcK8g7qoJRQK4L1CPBASoCY6y8e6zuCy3f2g+HWdkzcMw=="
    },
    "@hapi/iron": {
      "version": "7.0.0",
      "resolved": "https://registry.npmjs.org/@hapi/iron/-/iron-7.0.0.tgz",
      "integrity": "sha512-NNXJP5fpeiTCPj/4OJG2PWBjWC0/V5D8YggS9RZeuBbfUUuTYE6TbdGqLUsCzIpPI54I8W5dhwEGbRv1CnWQtw==",
      "requires": {
        "@hapi/b64": "^6.0.0",
        "@hapi/boom": "^10.0.0",
        "@hapi/bourne": "^3.0.0",
        "@hapi/cryptiles": "^6.0.0",
        "@hapi/hoek": "^10.0.0"
      }
    },
    "@hapi/mimos": {
      "version": "7.0.0",
      "resolved": "https://registry.npmjs.org/@hapi/mimos/-/mimos-7.0.0.tgz",
      "integrity": "sha512-ALORTrZrrBPOUX05rW4htNajoekEjQtUi1PB+17/3xs/hkdQ+gSEFbs5GdJihA49qWf7td3v4PgnvOe8mcf/jQ==",
      "requires": {
        "@hapi/hoek": "^10.0.0",
        "mime-db": "^1.52.0"
      }
    },
    "@hapi/nigel": {
      "version": "5.0.0",
      "resolved": "https://registry.npmjs.org/@hapi/nigel/-/nigel-5.0.0.tgz",
      "integrity": "sha512-I9eq43BnSdz1BkvMpG7mFL7J+SIfn6DLNThuxFpIOAMUnkWbPgtcFP+HHrBAeoFkowfgQrr02vsIAkAPml4hvw==",
      "requires": {
        "@hapi/hoek": "^10.0.0",
        "@hapi/vise": "^5.0.0"
      }
    },
    "@hapi/pez": {
      "version": "6.0.0",
      "resolved": "https://registry.npmjs.org/@hapi/pez/-/pez-6.0.0.tgz",
      "integrity": "sha512-3bMmsvlqrVNqaNEe4JWLZVpJ40jXuQ3vDy1+fbhyJmuAdMCMCkWexsKc7fT+mu18pFIwJzlenjc4/VE3weTq7w==",
      "requires": {
        "@hapi/b64": "^6.0.0",
        "@hapi/boom": "^10.0.0",
        "@hapi/content": "^6.0.0",
        "@hapi/hoek": "^10.0.0",
        "@hapi/nigel": "^5.0.0"
      }
    },
    "@hapi/podium": {
      "version": "5.0.0",
      "resolved": "https://registry.npmjs.org/@hapi/podium/-/podium-5.0.0.tgz",
      "integrity": "sha512-SbhFdu8LOIscMS82Zsoj9abcllAqbK4qBgznzJ9yr+vS2j1EomJTukkhxb76Lml0BHCd4Hn79F+3EQg06kcf8g==",
      "requires": {
        "@hapi/hoek": "^10.0.0",
        "@hapi/teamwork": "^6.0.0",
        "@hapi/validate": "^2.0.0"
      }
    },
    "@hapi/shot": {
      "version": "6.0.0",
      "resolved": "https://registry.npmjs.org/@hapi/shot/-/shot-6.0.0.tgz",
      "integrity": "sha512-RLGgzXy9GciJDunhY40NbVnLgYqp5gfBooZ2fOkAr4KbCEav/SJtYQS1N+knR7WFGzy8aooCR3XBUPI4ghHAkQ==",
      "requires": {
        "@hapi/hoek": "^10.0.0",
        "@hapi/validate": "^2.0.0"
      }
    },
    "@hapi/somever": {
      "version": "4.1.0",
      "resolved": "https://registry.npmjs.org/@hapi/somever/-/somever-4.1.0.tgz",
      "integrity": "sha512-koNBYu7Jdcb7gaC4VcnU78rFxSlsYwuElm6NMznE0EEeznzJtvLLmDZX0SPX8kXWC/E7ONlE29HF/yiSOgWG1Q==",
      "requires": {
        "@hapi/bounce": "^3.0.0",
        "@hapi/hoek": "^9.0.0"
      },
      "dependencies": {
        "@hapi/hoek": {
          "version": "9.3.0",
          "resolved": "https://registry.npmjs.org/@hapi/hoek/-/hoek-9.3.0.tgz",
          "integrity": "sha512-/c6rf4UJlmHlC9b5BaNvzAcFv7HZ2QHaV0D4/HNlBdvFnvQq8RI4kYdhyPCl7Xj+oWvTWQ8ujhqS53LIgAe6KQ=="
        }
      }
    },
    "@hapi/statehood": {
      "version": "8.0.0",
      "resolved": "https://registry.npmjs.org/@hapi/statehood/-/statehood-8.0.0.tgz",
      "integrity": "sha512-umQTPID7BwmqAv9Rx7yLtbTNzsYg4va96aLqKneb3mlBQG32uq4iOQZ6luwBVACDFhqU3C3ewhznhukN09ZkZQ==",
      "requires": {
        "@hapi/boom": "^10.0.0",
        "@hapi/bounce": "^3.0.0",
        "@hapi/bourne": "^3.0.0",
        "@hapi/cryptiles": "^6.0.0",
        "@hapi/hoek": "^10.0.0",
        "@hapi/iron": "^7.0.0",
        "@hapi/validate": "^2.0.0"
      }
    },
    "@hapi/subtext": {
      "version": "8.0.0",
      "resolved": "https://registry.npmjs.org/@hapi/subtext/-/subtext-8.0.0.tgz",
      "integrity": "sha512-fD+LY1U1SIUNHZJrNMIbuGl3CAd9JN8slljarFO4b8RrifkzjqbvdlZu/6iT6zlNM35GtDExf7hIepbUFUkT7A==",
      "requires": {
        "@hapi/boom": "^10.0.0",
        "@hapi/bourne": "^3.0.0",
        "@hapi/content": "^6.0.0",
        "@hapi/file": "^3.0.0",
        "@hapi/hoek": "^10.0.0",
        "@hapi/pez": "^6.0.0",
        "@hapi/wreck": "^18.0.0"
      }
    },
    "@hapi/teamwork": {
      "version": "6.0.0",
      "resolved": "https://registry.npmjs.org/@hapi/teamwork/-/teamwork-6.0.0.tgz",
      "integrity": "sha512-05HumSy3LWfXpmJ9cr6HzwhAavrHkJ1ZRCmNE2qJMihdM5YcWreWPfyN0yKT2ZjCM92au3ZkuodjBxOibxM67A=="
    },
    "@hapi/topo": {
      "version": "6.0.0",
      "resolved": "https://registry.npmjs.org/@hapi/topo/-/topo-6.0.0.tgz",
      "integrity": "sha512-aorJvN1Q1n5xrZuA50Z4X6adI6VAM2NalIVm46ALL9LUvdoqhof3JPY69jdJH8asM3PsWr2SUVYzp57EqUP41A==",
      "requires": {
        "@hapi/hoek": "^10.0.0"
      }
    },
    "@hapi/validate": {
      "version": "2.0.0",
      "resolved": "https://registry.npmjs.org/@hapi/validate/-/validate-2.0.0.tgz",
      "integrity": "sha512-w5m8MvBgqGndbMIB+AWmXTb8CLtF1DlIxbnbAHNAo7aFuNQuI1Ywc2e0zDLK5fbFXDoqRzNrHnC7JjNJ+hDigw==",
      "requires": {
        "@hapi/hoek": "^10.0.0",
        "@hapi/topo": "^6.0.0"
      }
    },
    "@hapi/vise": {
      "version": "5.0.0",
      "resolved": "https://registry.npmjs.org/@hapi/vise/-/vise-5.0.0.tgz",
      "integrity": "sha512-bz/PA7DHIvsd/2eoW7t9WpU8+k9pofZHppYEn1mCTOVnC/cGN3hCEYaoAe6BpoeJM72iJDKZEOWvQvfgCrmzxA==",
      "requires": {
        "@hapi/hoek": "^10.0.0"
      }
    },
    "@hapi/wreck": {
      "version": "18.0.0",
      "resolved": "https://registry.npmjs.org/@hapi/wreck/-/wreck-18.0.0.tgz",
      "integrity": "sha512-Yk9STxoM06Hjjq58cH0KFG91u9F2h9eVE72o8vUr3AfK80qt7I2POG5+cDGTEntbnvvzm0ERow2sjG3QsqCWUA==",
      "requires": {
        "@hapi/boom": "^10.0.0",
        "@hapi/bourne": "^3.0.0",
        "@hapi/hoek": "^10.0.0"
      }
    },
    "colorette": {
      "version": "2.0.19",
      "resolved": "https://registry.npmjs.org/colorette/-/colorette-2.0.19.tgz",
      "integrity": "sha512-3tlv/dIP7FWvj3BsbHrGLJ6l/oKh1O3TcgBqMn+yyCagOxc23fyzDS6HypQbgxWbkpDnf52p1LuR4eWDQ/K9WQ=="
    },
    "commander": {
      "version": "9.4.1",
      "resolved": "https://registry.npmjs.org/commander/-/commander-9.4.1.tgz",
      "integrity": "sha512-5EEkTNyHNGFPD2H+c/dXXfQZYa/scCKasxWcXJaWnNJ99pnQN9Vnmqow+p+PlFPE63Q6mThaZws1T+HxfpgtPw=="
    },
    "debug": {
      "version": "4.3.4",
      "resolved": "https://registry.npmjs.org/debug/-/debug-4.3.4.tgz",
      "integrity": "sha512-PRWFHuSU3eDtQJPvnNY7Jcket1j0t5OuOsFzPPzsekD52Zl8qUfFIPEiswXqIvHWGVHOgX+7G/vCNNhehwxfkQ==",
      "requires": {
        "ms": "2.1.2"
      }
    },
    "denque": {
      "version": "2.1.0",
      "resolved": "https://registry.npmjs.org/denque/-/denque-2.1.0.tgz",
      "integrity": "sha512-HVQE3AAb/pxF8fQAoiqpvg9i3evqug3hoiwakOyZAwJm+6vZehbkYXZ0l4JxS+I3QxM97v5aaRNhj8v5oBhekw=="
    },
    "dotenv": {
      "version": "16.0.3",
      "resolved": "https://registry.npmjs.org/dotenv/-/dotenv-16.0.3.tgz",
      "integrity": "sha512-7GO6HghkA5fYG9TYnNxi14/7K9f5occMlp3zXAuSxn7CKCxt9xbNWG7yF8hTCSUchlfWSe3uLmlPfigevRItzQ=="
    },
    "escalade": {
      "version": "3.1.1",
      "resolved": "https://registry.npmjs.org/escalade/-/escalade-3.1.1.tgz",
      "integrity": "sha512-k0er2gUkLf8O0zKJiAhmkTnJlTvINGv7ygDNPbeIsX/TJjGJZHuh9B2UxbsaEkmlEo9MfhrSzmhIlhRlI2GXnw=="
    },
    "esm": {
      "version": "3.2.25",
      "resolved": "https://registry.npmjs.org/esm/-/esm-3.2.25.tgz",
      "integrity": "sha512-U1suiZ2oDVWv4zPO56S0NcR5QriEahGtdN2OR6FiOG4WJvcjBVFB0qI4+eKoWFH483PKGuLuu6V8Z4T5g63UVA=="
    },
    "function-bind": {
      "version": "1.1.1",
      "resolved": "https://registry.npmjs.org/function-bind/-/function-bind-1.1.1.tgz",
      "integrity": "sha512-yIovAzMX49sF8Yl58fSCWJ5svSLuaibPxXQJFLmBObTuCr0Mf1KiPopGM9NiFjiYBCbfaa2Fh6breQ6ANVTI0A=="
    },
    "generate-function": {
      "version": "2.3.1",
      "resolved": "https://registry.npmjs.org/generate-function/-/generate-function-2.3.1.tgz",
      "integrity": "sha512-eeB5GfMNeevm/GRYq20ShmsaGcmI81kIX2K9XQx5miC8KdHaC6Jm0qQ8ZNeGOi7wYB8OsdxKs+Y2oVuTFuVwKQ==",
      "requires": {
        "is-property": "^1.0.2"
      }
    },
    "get-package-type": {
      "version": "0.1.0",
      "resolved": "https://registry.npmjs.org/get-package-type/-/get-package-type-0.1.0.tgz",
      "integrity": "sha512-pjzuKtY64GYfWizNAJ0fr9VqttZkNiK2iS430LtIHzjBEr6bX8Am2zm4sW4Ro5wjWW5cAlRL1qAMTcXbjNAO2Q=="
    },
    "getopts": {
      "version": "2.3.0",
      "resolved": "https://registry.npmjs.org/getopts/-/getopts-2.3.0.tgz",
      "integrity": "sha512-5eDf9fuSXwxBL6q5HX+dhDj+dslFGWzU5thZ9kNKUkcPtaPdatmUFKwHFrLb/uf/WpA4BHET+AX3Scl56cAjpA=="
    },
    "has": {
      "version": "1.0.3",
      "resolved": "https://registry.npmjs.org/has/-/has-1.0.3.tgz",
      "integrity": "sha512-f2dvO0VU6Oej7RkWJGrehjbzMAjFp5/VKPp5tTpWIV4JHHZK1/BxbFRtf/siA2SWTe09caDmVtYYzWEIbBS4zw==",
      "requires": {
        "function-bind": "^1.1.1"
      }
    },
    "iconv-lite": {
      "version": "0.6.3",
      "resolved": "https://registry.npmjs.org/iconv-lite/-/iconv-lite-0.6.3.tgz",
      "integrity": "sha512-4fCk79wshMdzMp2rH06qWrJE4iolqLhCUH+OiuIgU++RB0+94NlDL81atO7GX55uUKueo0txHNtvEyI6D7WdMw==",
      "requires": {
        "safer-buffer": ">= 2.1.2 < 3.0.0"
      }
    },
    "interpret": {
      "version": "2.2.0",
      "resolved": "https://registry.npmjs.org/interpret/-/interpret-2.2.0.tgz",
      "integrity": "sha512-Ju0Bz/cEia55xDwUWEa8+olFpCiQoypjnQySseKtmjNrnps3P+xfpUmGr90T7yjlVJmOtybRvPXhKMbHr+fWnw=="
    },
    "is-core-module": {
      "version": "2.11.0",
      "resolved": "https://registry.npmjs.org/is-core-module/-/is-core-module-2.11.0.tgz",
      "integrity": "sha512-RRjxlvLDkD1YJwDbroBHMb+cukurkDWNyHx7D3oNB5x9rb5ogcksMC5wHCadcXoo67gVr/+3GFySh3134zi6rw==",
      "requires": {
        "has": "^1.0.3"
      }
    },
    "is-property": {
      "version": "1.0.2",
      "resolved": "https://registry.npmjs.org/is-property/-/is-property-1.0.2.tgz",
      "integrity": "sha512-Ks/IoX00TtClbGQr4TWXemAnktAQvYB7HzcCxDGqEZU6oCmb2INHuOoKxbtR+HFkmYWBKv/dOZtGRiAjDhj92g=="
    },
    "knex": {
      "version": "2.3.0",
      "resolved": "https://registry.npmjs.org/knex/-/knex-2.3.0.tgz",
      "integrity": "sha512-WMizPaq9wRMkfnwKXKXgBZeZFOSHGdtoSz5SaLAVNs3WRDfawt9O89T4XyH52PETxjV8/kRk0Yf+8WBEP/zbYw==",
      "requires": {
        "colorette": "2.0.19",
        "commander": "^9.1.0",
        "debug": "4.3.4",
        "escalade": "^3.1.1",
        "esm": "^3.2.25",
        "get-package-type": "^0.1.0",
        "getopts": "2.3.0",
        "interpret": "^2.2.0",
        "lodash": "^4.17.21",
        "pg-connection-string": "2.5.0",
        "rechoir": "^0.8.0",
        "resolve-from": "^5.0.0",
        "tarn": "^3.0.2",
        "tildify": "2.0.0"
      }
    },
    "lodash": {
      "version": "4.17.21",
      "resolved": "https://registry.npmjs.org/lodash/-/lodash-4.17.21.tgz",
      "integrity": "sha512-v2kDEe57lecTulaDIuNTPy3Ry4gLGJ6Z1O3vE1krgXZNrsQ+LFTGHVxVjcXPs17LhbZVGedAJv8XZ1tvj5FvSg=="
    },
    "long": {
      "version": "4.0.0",
      "resolved": "https://registry.npmjs.org/long/-/long-4.0.0.tgz",
      "integrity": "sha512-XsP+KhQif4bjX1kbuSiySJFNAehNxgLb6hPRGJ9QsUr8ajHkuXGdrHmFUTUUXhDwVX2R5bY4JNZEwbUiMhV+MA=="
    },
    "lru-cache": {
      "version": "6.0.0",
      "resolved": "https://registry.npmjs.org/lru-cache/-/lru-cache-6.0.0.tgz",
      "integrity": "sha512-Jo6dJ04CmSjuznwJSS3pUeWmd/H0ffTlkXXgwZi+eq1UCmqQwCh+eLsYOYCwY991i2Fah4h1BEMCx4qThGbsiA==",
      "requires": {
        "yallist": "^4.0.0"
      }
    },
    "mime-db": {
      "version": "1.52.0",
      "resolved": "https://registry.npmjs.org/mime-db/-/mime-db-1.52.0.tgz",
      "integrity": "sha512-sPU4uV7dYlvtWJxwwxHD0PuihVNiE7TyAbQ5SWxDCB9mUYvOgroQOwYQQOKPJ8CIbE+1ETVlOoK1UC2nU3gYvg=="
    },
    "ms": {
      "version": "2.1.2",
      "resolved": "https://registry.npmjs.org/ms/-/ms-2.1.2.tgz",
      "integrity": "sha512-sGkPx+VjMtmA6MX27oA4FBFELFCZZ4S4XqeGOXCv68tT+jb3vk/RyaKWP0PTKyWtmLSM0b+adUTEvbs1PEaH2w=="
    },
    "mysql2": {
      "version": "2.3.3",
      "resolved": "https://registry.npmjs.org/mysql2/-/mysql2-2.3.3.tgz",
      "integrity": "sha512-wxJUev6LgMSgACDkb/InIFxDprRa6T95+VEoR+xPvtngtccNH2dGjEB/fVZ8yg1gWv1510c9CvXuJHi5zUm0ZA==",
      "requires": {
        "denque": "^2.0.1",
        "generate-function": "^2.3.1",
        "iconv-lite": "^0.6.3",
        "long": "^4.0.0",
        "lru-cache": "^6.0.0",
        "named-placeholders": "^1.1.2",
        "seq-queue": "^0.0.5",
        "sqlstring": "^2.3.2"
      }
    },
    "named-placeholders": {
      "version": "1.1.2",
      "resolved": "https://registry.npmjs.org/named-placeholders/-/named-placeholders-1.1.2.tgz",
      "integrity": "sha512-wiFWqxoLL3PGVReSZpjLVxyJ1bRqe+KKJVbr4hGs1KWfTZTQyezHFBbuKj9hsizHyGV2ne7EMjHdxEGAybD5SA==",
      "requires": {
        "lru-cache": "^4.1.3"
      },
      "dependencies": {
        "lru-cache": {
          "version": "4.1.5",
          "resolved": "https://registry.npmjs.org/lru-cache/-/lru-cache-4.1.5.tgz",
          "integrity": "sha512-sWZlbEP2OsHNkXrMl5GYk/jKk70MBng6UU4YI/qGDYbgf6YbP4EvmqISbXCoJiRKs+1bSpFHVgQxvJ17F2li5g==",
          "requires": {
            "pseudomap": "^1.0.2",
            "yallist": "^2.1.2"
          }
        },
        "yallist": {
          "version": "2.1.2",
          "resolved": "https://registry.npmjs.org/yallist/-/yallist-2.1.2.tgz",
          "integrity": "sha512-ncTzHV7NvsQZkYe1DW7cbDLm0YpzHmZF5r/iyP3ZnQtMiJ+pjzisCiMNI+Sj+xQF5pXhSHxSB3uDbsBTzY/c2A=="
        }
      }
    },
    "path-parse": {
      "version": "1.0.7",
      "resolved": "https://registry.npmjs.org/path-parse/-/path-parse-1.0.7.tgz",
      "integrity": "sha512-LDJzPVEEEPR+y48z93A0Ed0yXb8pAByGWo/k5YYdYgpY2/2EsOsksJrq7lOHxryrVOn1ejG6oAp8ahvOIQD8sw=="
    },
    "pg-connection-string": {
      "version": "2.5.0",
      "resolved": "https://registry.npmjs.org/pg-connection-string/-/pg-connection-string-2.5.0.tgz",
      "integrity": "sha512-r5o/V/ORTA6TmUnyWZR9nCj1klXCO2CEKNRlVuJptZe85QuhFayC7WeMic7ndayT5IRIR0S0xFxFi2ousartlQ=="
    },
    "pseudomap": {
      "version": "1.0.2",
      "resolved": "https://registry.npmjs.org/pseudomap/-/pseudomap-1.0.2.tgz",
      "integrity": "sha512-b/YwNhb8lk1Zz2+bXXpS/LK9OisiZZ1SNsSLxN1x2OXVEhW2Ckr/7mWE5vrC1ZTiJlD9g19jWszTmJsB+oEpFQ=="
    },
    "rechoir": {
      "version": "0.8.0",
      "resolved": "https://registry.npmjs.org/rechoir/-/rechoir-0.8.0.tgz",
      "integrity": "sha512-/vxpCXddiX8NGfGO/mTafwjq4aFa/71pvamip0++IQk3zG8cbCj0fifNPrjjF1XMXUne91jL9OoxmdykoEtifQ==",
      "requires": {
        "resolve": "^1.20.0"
      }
    },
    "resolve": {
      "version": "1.22.1",
      "resolved": "https://registry.npmjs.org/resolve/-/resolve-1.22.1.tgz",
      "integrity": "sha512-nBpuuYuY5jFsli/JIs1oldw6fOQCBioohqWZg/2hiaOybXOft4lonv85uDOKXdf8rhyK159cxU5cDcK/NKk8zw==",
      "requires": {
        "is-core-module": "^2.9.0",
        "path-parse": "^1.0.7",
        "supports-preserve-symlinks-flag": "^1.0.0"
      }
    },
    "resolve-from": {
      "version": "5.0.0",
      "resolved": "https://registry.npmjs.org/resolve-from/-/resolve-from-5.0.0.tgz",
      "integrity": "sha512-qYg9KP24dD5qka9J47d0aVky0N+b4fTU89LN9iDnjB5waksiC49rvMB0PrUJQGoTmH50XPiqOvAjDfaijGxYZw=="
    },
    "safer-buffer": {
      "version": "2.1.2",
      "resolved": "https://registry.npmjs.org/safer-buffer/-/safer-buffer-2.1.2.tgz",
      "integrity": "sha512-YZo3K82SD7Riyi0E1EQPojLz7kpepnSQI9IyPbHHg1XXXevb5dJI7tpyN2ADxGcQbHG7vcyRHk0cbwqcQriUtg=="
    },
    "seq-queue": {
      "version": "0.0.5",
      "resolved": "https://registry.npmjs.org/seq-queue/-/seq-queue-0.0.5.tgz",
      "integrity": "sha512-hr3Wtp/GZIc/6DAGPDcV4/9WoZhjrkXsi5B/07QgX8tsdc6ilr7BFM6PM6rbdAX1kFSDYeZGLipIZZKyQP0O5Q=="
    },
    "sqlstring": {
      "version": "2.3.3",
      "resolved": "https://registry.npmjs.org/sqlstring/-/sqlstring-2.3.3.tgz",
      "integrity": "sha512-qC9iz2FlN7DQl3+wjwn3802RTyjCx7sDvfQEXchwa6CWOx07/WVfh91gBmQ9fahw8snwGEWU3xGzOt4tFyHLxg=="
    },
    "supports-preserve-symlinks-flag": {
      "version": "1.0.0",
      "resolved": "https://registry.npmjs.org/supports-preserve-symlinks-flag/-/supports-preserve-symlinks-flag-1.0.0.tgz",
      "integrity": "sha512-ot0WnXS9fgdkgIcePe6RHNk1WA8+muPa6cSjeR3V8K27q9BB1rTE3R1p7Hv0z1ZyAc8s6Vvv8DIyWf681MAt0w=="
    },
    "tarn": {
      "version": "3.0.2",
      "resolved": "https://registry.npmjs.org/tarn/-/tarn-3.0.2.tgz",
      "integrity": "sha512-51LAVKUSZSVfI05vjPESNc5vwqqZpbXCsU+/+wxlOrUjk2SnFTt97v9ZgQrD4YmxYW1Px6w2KjaDitCfkvgxMQ=="
    },
    "tildify": {
      "version": "2.0.0",
      "resolved": "https://registry.npmjs.org/tildify/-/tildify-2.0.0.tgz",
      "integrity": "sha512-Cc+OraorugtXNfs50hU9KS369rFXCfgGLpfCfvlc+Ud5u6VWmUQsOAa9HbTvheQdYnrdJqqv1e5oIqXppMYnSw=="
    },
    "yallist": {
      "version": "4.0.0",
      "resolved": "https://registry.npmjs.org/yallist/-/yallist-4.0.0.tgz",
      "integrity": "sha512-3wdGidZyq5PB084XLES5TpOSRA3wjXAlIWMhum2kRcv/41Sn2emQ0dycQW4uZXLejwKvg6EsvbdlVL+FYEct7A=="
    }
  }
}
