{
  "name": "aws-node-project",
  "lockfileVersion": 2,
  "requires": true,
  "packages": {
    "": {
      "dependencies": {
        "cloudinary": "^1.27.1"
      }
    },
    "node_modules/cloudinary": {
      "version": "1.27.1",
      "resolved": "https://registry.npmjs.org/cloudinary/-/cloudinary-1.27.1.tgz",
      "integrity": "sha512-NrSVdzD2yJUMwL4UTfOjlq+bkc88SaNoZjhibLnpI40c46vfIlz2Y77R9HfgYIQ1Lx/k+U1WKZuiQ5Z2Wd2Dsg==",
      "dependencies": {
        "cloudinary-core": "^2.10.2",
        "core-js": "3.6.5",
        "lodash": "^4.17.11",
        "q": "^1.5.1"
      },
      "engines": {
        "node": ">=0.6"
      }
    },
    "node_modules/cloudinary-core": {
      "version": "2.12.0",
      "resolved": "https://registry.npmjs.org/cloudinary-core/-/cloudinary-core-2.12.0.tgz",
      "integrity": "sha512-EXvnWuq3Ah6pZHB2vEfkrJ4tCGlccZo3xsmt1f+bmrB53jU42ZrnX+v8xKRMot9c/STSO7GPbxbhJQ/z/xRazg==",
      "peerDependencies": {
        "lodash": ">=4.0"
      }
    },
    "node_modules/core-js": {
      "version": "3.6.5",
      "resolved": "https://registry.npmjs.org/core-js/-/core-js-3.6.5.tgz",
      "integrity": "sha512-vZVEEwZoIsI+vPEuoF9Iqf5H7/M3eeQqWlQnYa8FSKKePuYTf5MWnxb5SDAzCa60b3JBRS5g9b+Dq7b1y/RCrA==",
      "hasInstallScript": true,
      "funding": {
        "type": "opencollective",
        "url": "https://opencollective.com/core-js"
      }
    },
    "node_modules/lodash": {
      "version": "4.17.21",
      "resolved": "https://registry.npmjs.org/lodash/-/lodash-4.17.21.tgz",
      "integrity": "sha512-v2kDEe57lecTulaDIuNTPy3Ry4gLGJ6Z1O3vE1krgXZNrsQ+LFTGHVxVjcXPs17LhbZVGedAJv8XZ1tvj5FvSg=="
    },
    "node_modules/q": {
      "version": "1.5.1",
      "resolved": "https://registry.npmjs.org/q/-/q-1.5.1.tgz",
      "integrity": "sha1-fjL3W0E4EpHQRhHxvxQQmsAGUdc=",
      "engines": {
        "node": ">=0.6.0",
        "teleport": ">=0.2.0"
      }
    }
  },
  "dependencies": {
    "cloudinary": {
      "version": "1.27.1",
      "resolved": "https://registry.npmjs.org/cloudinary/-/cloudinary-1.27.1.tgz",
      "integrity": "sha512-NrSVdzD2yJUMwL4UTfOjlq+bkc88SaNoZjhibLnpI40c46vfIlz2Y77R9HfgYIQ1Lx/k+U1WKZuiQ5Z2Wd2Dsg==",
      "requires": {
        "cloudinary-core": "^2.10.2",
        "core-js": "3.6.5",
        "lodash": "^4.17.11",
        "q": "^1.5.1"
      }
    },
    "cloudinary-core": {
      "version": "2.12.0",
      "resolved": "https://registry.npmjs.org/cloudinary-core/-/cloudinary-core-2.12.0.tgz",
      "integrity": "sha512-EXvnWuq3Ah6pZHB2vEfkrJ4tCGlccZo3xsmt1f+bmrB53jU42ZrnX+v8xKRMot9c/STSO7GPbxbhJQ/z/xRazg==",
      "requires": {}
    },
    "core-js": {
      "version": "3.6.5",
      "resolved": "https://registry.npmjs.org/core-js/-/core-js-3.6.5.tgz",
      "integrity": "sha512-vZVEEwZoIsI+vPEuoF9Iqf5H7/M3eeQqWlQnYa8FSKKePuYTf5MWnxb5SDAzCa60b3JBRS5g9b+Dq7b1y/RCrA=="
    },
    "lodash": {
      "version": "4.17.21",
      "resolved": "https://registry.npmjs.org/lodash/-/lodash-4.17.21.tgz",
      "integrity": "sha512-v2kDEe57lecTulaDIuNTPy3Ry4gLGJ6Z1O3vE1krgXZNrsQ+LFTGHVxVjcXPs17LhbZVGedAJv8XZ1tvj5FvSg=="
    },
    "q": {
      "version": "1.5.1",
      "resolved": "https://registry.npmjs.org/q/-/q-1.5.1.tgz",
      "integrity": "sha1-fjL3W0E4EpHQRhHxvxQQmsAGUdc="
    }
  }
}
